// !$*UTF8*$!
{
	archiveVersion = 1;
	classes = {
	};
	objectVersion = 56;
	objects = {

/* Begin PBXBuildFile section */
		CB002CFC2B73A89D004B001D /* Constants.swift in Sources */ = {isa = PBXBuildFile; fileRef = CB6F0E8D2B6FC1E700814FF6 /* Constants.swift */; };
		CB002CFD2B73A89F004B001D /* Game.swift in Sources */ = {isa = PBXBuildFile; fileRef = CB5E7FF92B60C81C006B5B4F /* Game.swift */; };
		CB6989E02B6BE3A1003560CD /* TextViews.swift in Sources */ = {isa = PBXBuildFile; fileRef = CB6989DF2B6BE3A1003560CD /* TextViews.swift */; };
		CB6989FE2B6CF0D1003560CD /* RoundedViews.swift in Sources */ = {isa = PBXBuildFile; fileRef = CB6989FD2B6CF0D1003560CD /* RoundedViews.swift */; };
		CB698A002B6D3211003560CD /* BackgroundView.swift in Sources */ = {isa = PBXBuildFile; fileRef = CB6989FF2B6D3211003560CD /* BackgroundView.swift */; };
		CB698A102B6DC04B003560CD /* bullseyebuild2Tests.swift in Sources */ = {isa = PBXBuildFile; fileRef = CB698A0F2B6DC04A003560CD /* bullseyebuild2Tests.swift */; };
		CB6F0E8C2B6FA54000814FF6 /* PointsView.swift in Sources */ = {isa = PBXBuildFile; fileRef = CB6F0E8B2B6FA54000814FF6 /* PointsView.swift */; };
		CB6F0E902B6FC77C00814FF6 /* LeaderboardView.swift in Sources */ = {isa = PBXBuildFile; fileRef = CB6F0E8F2B6FC77C00814FF6 /* LeaderboardView.swift */; };
		CB8E64292B5FBC350093A92F /* bullseyebuild2App.swift in Sources */ = {isa = PBXBuildFile; fileRef = CB8E64282B5FBC350093A92F /* bullseyebuild2App.swift */; };
		CB8E642B2B5FBC350093A92F /* ContentView.swift in Sources */ = {isa = PBXBuildFile; fileRef = CB8E642A2B5FBC350093A92F /* ContentView.swift */; };
		CB8E642D2B5FBC360093A92F /* Assets.xcassets in Resources */ = {isa = PBXBuildFile; fileRef = CB8E642C2B5FBC360093A92F /* Assets.xcassets */; };
		CB8E64302B5FBC360093A92F /* Preview Assets.xcassets in Resources */ = {isa = PBXBuildFile; fileRef = CB8E642F2B5FBC360093A92F /* Preview Assets.xcassets */; };
/* End PBXBuildFile section */

/* Begin PBXContainerItemProxy section */
		CB698A112B6DC04B003560CD /* PBXContainerItemProxy */ = {
			isa = PBXContainerItemProxy;
			containerPortal = CB8E641D2B5FBC350093A92F /* Project object */;
			proxyType = 1;
			remoteGlobalIDString = CB8E64242B5FBC350093A92F;
			remoteInfo = bullseyebuild2;
		};
/* End PBXContainerItemProxy section */

/* Begin PBXFileReference section */
		CB5E7FF92B60C81C006B5B4F /* Game.swift */ = {isa = PBXFileReference; lastKnownFileType = sourcecode.swift; path = Game.swift; sourceTree = "<group>"; };
		CB6989DF2B6BE3A1003560CD /* TextViews.swift */ = {isa = PBXFileReference; lastKnownFileType = sourcecode.swift; path = TextViews.swift; sourceTree = "<group>"; };
		CB6989FD2B6CF0D1003560CD /* RoundedViews.swift */ = {isa = PBXFileReference; lastKnownFileType = sourcecode.swift; path = RoundedViews.swift; sourceTree = "<group>"; };
		CB6989FF2B6D3211003560CD /* BackgroundView.swift */ = {isa = PBXFileReference; lastKnownFileType = sourcecode.swift; path = BackgroundView.swift; sourceTree = "<group>"; };
		CB698A0D2B6DC04A003560CD /* bullseyebuild2Tests.xctest */ = {isa = PBXFileReference; explicitFileType = wrapper.cfbundle; includeInIndex = 0; path = bullseyebuild2Tests.xctest; sourceTree = BUILT_PRODUCTS_DIR; };
		CB698A0F2B6DC04A003560CD /* bullseyebuild2Tests.swift */ = {isa = PBXFileReference; lastKnownFileType = sourcecode.swift; path = bullseyebuild2Tests.swift; sourceTree = "<group>"; };
		CB6F0E8B2B6FA54000814FF6 /* PointsView.swift */ = {isa = PBXFileReference; lastKnownFileType = sourcecode.swift; path = PointsView.swift; sourceTree = "<group>"; };
		CB6F0E8D2B6FC1E700814FF6 /* Constants.swift */ = {isa = PBXFileReference; lastKnownFileType = sourcecode.swift; path = Constants.swift; sourceTree = "<group>"; };
		CB6F0E8F2B6FC77C00814FF6 /* LeaderboardView.swift */ = {isa = PBXFileReference; lastKnownFileType = sourcecode.swift; path = LeaderboardView.swift; sourceTree = "<group>"; };
		CB8E64252B5FBC350093A92F /* bullseyebuild2.app */ = {isa = PBXFileReference; explicitFileType = wrapper.application; includeInIndex = 0; path = bullseyebuild2.app; sourceTree = BUILT_PRODUCTS_DIR; };
		CB8E64282B5FBC350093A92F /* bullseyebuild2App.swift */ = {isa = PBXFileReference; lastKnownFileType = sourcecode.swift; path = bullseyebuild2App.swift; sourceTree = "<group>"; };
		CB8E642A2B5FBC350093A92F /* ContentView.swift */ = {isa = PBXFileReference; lastKnownFileType = sourcecode.swift; path = ContentView.swift; sourceTree = "<group>"; };
		CB8E642C2B5FBC360093A92F /* Assets.xcassets */ = {isa = PBXFileReference; lastKnownFileType = folder.assetcatalog; path = Assets.xcassets; sourceTree = "<group>"; };
		CB8E642F2B5FBC360093A92F /* Preview Assets.xcassets */ = {isa = PBXFileReference; lastKnownFileType = folder.assetcatalog; path = "Preview Assets.xcassets"; sourceTree = "<group>"; };
/* End PBXFileReference section */

/* Begin PBXFrameworksBuildPhase section */
		CB698A0A2B6DC04A003560CD /* Frameworks */ = {
			isa = PBXFrameworksBuildPhase;
			buildActionMask = 2147483647;
			files = (
			);
			runOnlyForDeploymentPostprocessing = 0;
		};
		CB8E64222B5FBC350093A92F /* Frameworks */ = {
			isa = PBXFrameworksBuildPhase;
			buildActionMask = 2147483647;
			files = (
			);
			runOnlyForDeploymentPostprocessing = 0;
		};
/* End PBXFrameworksBuildPhase section */

/* Begin PBXGroup section */
		CB5E7FF62B60C7D4006B5B4F /* Models */ = {
			isa = PBXGroup;
			children = (
				CB5E7FF92B60C81C006B5B4F /* Game.swift */,
				CB6F0E8D2B6FC1E700814FF6 /* Constants.swift */,
			);
			path = Models;
			sourceTree = "<group>";
		};
		CB5E7FF72B60C7E5006B5B4F /* Views */ = {
			isa = PBXGroup;
			children = (
				CB8E642A2B5FBC350093A92F /* ContentView.swift */,
				CB6989DF2B6BE3A1003560CD /* TextViews.swift */,
				CB6989FD2B6CF0D1003560CD /* RoundedViews.swift */,
				CB6989FF2B6D3211003560CD /* BackgroundView.swift */,
				CB6F0E8B2B6FA54000814FF6 /* PointsView.swift */,
				CB6F0E8F2B6FC77C00814FF6 /* LeaderboardView.swift */,
			);
			path = Views;
			sourceTree = "<group>";
		};
		CB5E7FF82B60C7F4006B5B4F /* App */ = {
			isa = PBXGroup;
			children = (
				CB8E64282B5FBC350093A92F /* bullseyebuild2App.swift */,
				CB8E642C2B5FBC360093A92F /* Assets.xcassets */,
			);
			path = App;
			sourceTree = "<group>";
		};
		CB698A0E2B6DC04A003560CD /* bullseyebuild2Tests */ = {
			isa = PBXGroup;
			children = (
				CB698A0F2B6DC04A003560CD /* bullseyebuild2Tests.swift */,
			);
			path = bullseyebuild2Tests;
			sourceTree = "<group>";
		};
		CB8E641C2B5FBC350093A92F = {
			isa = PBXGroup;
			children = (
				CB8E64272B5FBC350093A92F /* bullseyebuild2 */,
				CB698A0E2B6DC04A003560CD /* bullseyebuild2Tests */,
				CB8E64262B5FBC350093A92F /* Products */,
			);
			sourceTree = "<group>";
		};
		CB8E64262B5FBC350093A92F /* Products */ = {
			isa = PBXGroup;
			children = (
				CB8E64252B5FBC350093A92F /* bullseyebuild2.app */,
				CB698A0D2B6DC04A003560CD /* bullseyebuild2Tests.xctest */,
			);
			name = Products;
			sourceTree = "<group>";
		};
		CB8E64272B5FBC350093A92F /* bullseyebuild2 */ = {
			isa = PBXGroup;
			children = (
				CB5E7FF82B60C7F4006B5B4F /* App */,
				CB5E7FF72B60C7E5006B5B4F /* Views */,
				CB5E7FF62B60C7D4006B5B4F /* Models */,
				CB8E642E2B5FBC360093A92F /* Preview Content */,
			);
			path = bullseyebuild2;
			sourceTree = "<group>";
		};
		CB8E642E2B5FBC360093A92F /* Preview Content */ = {
			isa = PBXGroup;
			children = (
				CB8E642F2B5FBC360093A92F /* Preview Assets.xcassets */,
			);
			path = "Preview Content";
			sourceTree = "<group>";
		};
/* End PBXGroup section */

/* Begin PBXNativeTarget section */
		CB698A0C2B6DC04A003560CD /* bullseyebuild2Tests */ = {
			isa = PBXNativeTarget;
			buildConfigurationList = CB698A132B6DC04B003560CD /* Build configuration list for PBXNativeTarget "bullseyebuild2Tests" */;
			buildPhases = (
				CB698A092B6DC04A003560CD /* Sources */,
				CB698A0A2B6DC04A003560CD /* Frameworks */,
				CB698A0B2B6DC04A003560CD /* Resources */,
			);
			buildRules = (
			);
			dependencies = (
				CB698A122B6DC04B003560CD /* PBXTargetDependency */,
			);
			name = bullseyebuild2Tests;
			productName = bullseyebuild2Tests;
			productReference = CB698A0D2B6DC04A003560CD /* bullseyebuild2Tests.xctest */;
			productType = "com.apple.product-type.bundle.unit-test";
		};
		CB8E64242B5FBC350093A92F /* bullseyebuild2 */ = {
			isa = PBXNativeTarget;
			buildConfigurationList = CB8E64332B5FBC360093A92F /* Build configuration list for PBXNativeTarget "bullseyebuild2" */;
			buildPhases = (
				CB8E64212B5FBC350093A92F /* Sources */,
				CB8E64222B5FBC350093A92F /* Frameworks */,
				CB8E64232B5FBC350093A92F /* Resources */,
				CB002CFE2B73BEF5004B001D /* ShellScript */,
			);
			buildRules = (
			);
			dependencies = (
			);
			name = bullseyebuild2;
			productName = bullseyebuild2;
			productReference = CB8E64252B5FBC350093A92F /* bullseyebuild2.app */;
			productType = "com.apple.product-type.application";
		};
/* End PBXNativeTarget section */

/* Begin PBXProject section */
		CB8E641D2B5FBC350093A92F /* Project object */ = {
			isa = PBXProject;
			attributes = {
				BuildIndependentTargetsInParallel = 1;
				LastSwiftUpdateCheck = 1420;
				LastUpgradeCheck = 1420;
				TargetAttributes = {
					CB698A0C2B6DC04A003560CD = {
						CreatedOnToolsVersion = 14.2;
						TestTargetID = CB8E64242B5FBC350093A92F;
					};
					CB8E64242B5FBC350093A92F = {
						CreatedOnToolsVersion = 14.2;
					};
				};
			};
			buildConfigurationList = CB8E64202B5FBC350093A92F /* Build configuration list for PBXProject "bullseyebuild2" */;
			compatibilityVersion = "Xcode 14.0";
			developmentRegion = en;
			hasScannedForEncodings = 0;
			knownRegions = (
				en,
				Base,
			);
			mainGroup = CB8E641C2B5FBC350093A92F;
			productRefGroup = CB8E64262B5FBC350093A92F /* Products */;
			projectDirPath = "";
			projectRoot = "";
			targets = (
				CB8E64242B5FBC350093A92F /* bullseyebuild2 */,
				CB698A0C2B6DC04A003560CD /* bullseyebuild2Tests */,
			);
		};
/* End PBXProject section */

/* Begin PBXResourcesBuildPhase section */
		CB698A0B2B6DC04A003560CD /* Resources */ = {
			isa = PBXResourcesBuildPhase;
			buildActionMask = 2147483647;
			files = (
			);
			runOnlyForDeploymentPostprocessing = 0;
		};
		CB8E64232B5FBC350093A92F /* Resources */ = {
			isa = PBXResourcesBuildPhase;
			buildActionMask = 2147483647;
			files = (
				CB8E64302B5FBC360093A92F /* Preview Assets.xcassets in Resources */,
				CB8E642D2B5FBC360093A92F /* Assets.xcassets in Resources */,
			);
			runOnlyForDeploymentPostprocessing = 0;
		};
/* End PBXResourcesBuildPhase section */

/* Begin PBXShellScriptBuildPhase section */
		CB002CFE2B73BEF5004B001D /* ShellScript */ = {
			isa = PBXShellScriptBuildPhase;
			buildActionMask = 2147483647;
			files = (
			);
			inputFileListPaths = (
			);
			inputPaths = (
			);
			outputFileListPaths = (
			);
			outputPaths = (
			);
			runOnlyForDeploymentPostprocessing = 0;
			shellPath = /bin/sh;
			shellScript = "# Type a script or drag a script file from your workspace to insert its path.\nPATH=/opt/homebrew/bin:$PATH\nif [ -f ~/com.raywenderlich.swiftlint.yml ]; then\n  if which swiftlint >/dev/null; then\n    swiftlint --no-cache --config ~/com.raywenderlich.swiftlint.yml\n  fi\nfi\n";
		};
/* End PBXShellScriptBuildPhase section */

/* Begin PBXSourcesBuildPhase section */
		CB698A092B6DC04A003560CD /* Sources */ = {
			isa = PBXSourcesBuildPhase;
			buildActionMask = 2147483647;
			files = (
				CB698A102B6DC04B003560CD /* bullseyebuild2Tests.swift in Sources */,
			);
			runOnlyForDeploymentPostprocessing = 0;
		};
		CB8E64212B5FBC350093A92F /* Sources */ = {
			isa = PBXSourcesBuildPhase;
			buildActionMask = 2147483647;
			files = (
				CB698A002B6D3211003560CD /* BackgroundView.swift in Sources */,
				CB002CFD2B73A89F004B001D /* Game.swift in Sources */,
				CB8E642B2B5FBC350093A92F /* ContentView.swift in Sources */,
				CB6989E02B6BE3A1003560CD /* TextViews.swift in Sources */,
				CB6989FE2B6CF0D1003560CD /* RoundedViews.swift in Sources */,
				CB6F0E902B6FC77C00814FF6 /* LeaderboardView.swift in Sources */,
				CB6F0E8C2B6FA54000814FF6 /* PointsView.swift in Sources */,
				CB8E64292B5FBC350093A92F /* bullseyebuild2App.swift in Sources */,
				CB002CFC2B73A89D004B001D /* Constants.swift in Sources */,
			);
			runOnlyForDeploymentPostprocessing = 0;
		};
/* End PBXSourcesBuildPhase section */

/* Begin PBXTargetDependency section */
		CB698A122B6DC04B003560CD /* PBXTargetDependency */ = {
			isa = PBXTargetDependency;
			target = CB8E64242B5FBC350093A92F /* bullseyebuild2 */;
			targetProxy = CB698A112B6DC04B003560CD /* PBXContainerItemProxy */;
		};
/* End PBXTargetDependency section */

/* Begin XCBuildConfiguration section */
		CB698A142B6DC04B003560CD /* Debug */ = {
			isa = XCBuildConfiguration;
			buildSettings = {
				BUNDLE_LOADER = "$(TEST_HOST)";
				CODE_SIGN_STYLE = Automatic;
				CURRENT_PROJECT_VERSION = 1;
				DEVELOPMENT_TEAM = UGK9PQ8D35;
				GENERATE_INFOPLIST_FILE = YES;
				IPHONEOS_DEPLOYMENT_TARGET = 16.2;
				MACOSX_DEPLOYMENT_TARGET = 12.7;
				MARKETING_VERSION = 1.0;
				PRODUCT_BUNDLE_IDENTIFIER = com.bretco.bullseyebuild2Tests;
				PRODUCT_NAME = "$(TARGET_NAME)";
				SDKROOT = auto;
				SUPPORTED_PLATFORMS = "iphoneos iphonesimulator macosx";
				SWIFT_EMIT_LOC_STRINGS = NO;
				SWIFT_VERSION = 5.0;
				TARGETED_DEVICE_FAMILY = "1,2";
				TEST_HOST = "$(BUILT_PRODUCTS_DIR)/Bullseye Game.app/$(BUNDLE_EXECUTABLE_FOLDER_PATH)/Bullseye Game";
			};
			name = Debug;
		};
		CB698A152B6DC04B003560CD /* Release */ = {
			isa = XCBuildConfiguration;
			buildSettings = {
				BUNDLE_LOADER = "$(TEST_HOST)";
				CODE_SIGN_STYLE = Automatic;
				CURRENT_PROJECT_VERSION = 1;
				DEVELOPMENT_TEAM = UGK9PQ8D35;
				GENERATE_INFOPLIST_FILE = YES;
				IPHONEOS_DEPLOYMENT_TARGET = 16.2;
				MACOSX_DEPLOYMENT_TARGET = 12.7;
				MARKETING_VERSION = 1.0;
				PRODUCT_BUNDLE_IDENTIFIER = com.bretco.bullseyebuild2Tests;
				PRODUCT_NAME = "$(TARGET_NAME)";
				SDKROOT = auto;
				SUPPORTED_PLATFORMS = "iphoneos iphonesimulator macosx";
				SWIFT_EMIT_LOC_STRINGS = NO;
				SWIFT_VERSION = 5.0;
				TARGETED_DEVICE_FAMILY = "1,2";
				TEST_HOST = "$(BUILT_PRODUCTS_DIR)/Bullseye Game.app/$(BUNDLE_EXECUTABLE_FOLDER_PATH)/Bullseye Game";
			};
			name = Release;
		};
		CB8E64312B5FBC360093A92F /* Debug */ = {
			isa = XCBuildConfiguration;
			buildSettings = {
				ALWAYS_SEARCH_USER_PATHS = NO;
				CLANG_ANALYZER_NONNULL = YES;
				CLANG_ANALYZER_NUMBER_OBJECT_CONVERSION = YES_AGGRESSIVE;
				CLANG_CXX_LANGUAGE_STANDARD = "gnu++20";
				CLANG_ENABLE_MODULES = YES;
				CLANG_ENABLE_OBJC_ARC = YES;
				CLANG_ENABLE_OBJC_WEAK = YES;
				CLANG_WARN_BLOCK_CAPTURE_AUTORELEASING = YES;
				CLANG_WARN_BOOL_CONVERSION = YES;
				CLANG_WARN_COMMA = YES;
				CLANG_WARN_CONSTANT_CONVERSION = YES;
				CLANG_WARN_DEPRECATED_OBJC_IMPLEMENTATIONS = YES;
				CLANG_WARN_DIRECT_OBJC_ISA_USAGE = YES_ERROR;
				CLANG_WARN_DOCUMENTATION_COMMENTS = YES;
				CLANG_WARN_EMPTY_BODY = YES;
				CLANG_WARN_ENUM_CONVERSION = YES;
				CLANG_WARN_INFINITE_RECURSION = YES;
				CLANG_WARN_INT_CONVERSION = YES;
				CLANG_WARN_NON_LITERAL_NULL_CONVERSION = YES;
				CLANG_WARN_OBJC_IMPLICIT_RETAIN_SELF = YES;
				CLANG_WARN_OBJC_LITERAL_CONVERSION = YES;
				CLANG_WARN_OBJC_ROOT_CLASS = YES_ERROR;
				CLANG_WARN_QUOTED_INCLUDE_IN_FRAMEWORK_HEADER = YES;
				CLANG_WARN_RANGE_LOOP_ANALYSIS = YES;
				CLANG_WARN_STRICT_PROTOTYPES = YES;
				CLANG_WARN_SUSPICIOUS_MOVE = YES;
				CLANG_WARN_UNGUARDED_AVAILABILITY = YES_AGGRESSIVE;
				CLANG_WARN_UNREACHABLE_CODE = YES;
				CLANG_WARN__DUPLICATE_METHOD_MATCH = YES;
				COPY_PHASE_STRIP = NO;
				DEBUG_INFORMATION_FORMAT = dwarf;
				ENABLE_STRICT_OBJC_MSGSEND = YES;
				ENABLE_TESTABILITY = YES;
				GCC_C_LANGUAGE_STANDARD = gnu11;
				GCC_DYNAMIC_NO_PIC = NO;
				GCC_NO_COMMON_BLOCKS = YES;
				GCC_OPTIMIZATION_LEVEL = 0;
				GCC_PREPROCESSOR_DEFINITIONS = (
					"DEBUG=1",
					"$(inherited)",
				);
				GCC_WARN_64_TO_32_BIT_CONVERSION = YES;
				GCC_WARN_ABOUT_RETURN_TYPE = YES_ERROR;
				GCC_WARN_UNDECLARED_SELECTOR = YES;
				GCC_WARN_UNINITIALIZED_AUTOS = YES_AGGRESSIVE;
				GCC_WARN_UNUSED_FUNCTION = YES;
				GCC_WARN_UNUSED_VARIABLE = YES;
				IPHONEOS_DEPLOYMENT_TARGET = 16.0;
				MTL_ENABLE_DEBUG_INFO = INCLUDE_SOURCE;
				MTL_FAST_MATH = YES;
				ONLY_ACTIVE_ARCH = YES;
				SDKROOT = iphoneos;
				SWIFT_ACTIVE_COMPILATION_CONDITIONS = DEBUG;
				SWIFT_OPTIMIZATION_LEVEL = "-Onone";
			};
			name = Debug;
		};
		CB8E64322B5FBC360093A92F /* Release */ = {
			isa = XCBuildConfiguration;
			buildSettings = {
				ALWAYS_SEARCH_USER_PATHS = NO;
				CLANG_ANALYZER_NONNULL = YES;
				CLANG_ANALYZER_NUMBER_OBJECT_CONVERSION = YES_AGGRESSIVE;
				CLANG_CXX_LANGUAGE_STANDARD = "gnu++20";
				CLANG_ENABLE_MODULES = YES;
				CLANG_ENABLE_OBJC_ARC = YES;
				CLANG_ENABLE_OBJC_WEAK = YES;
				CLANG_WARN_BLOCK_CAPTURE_AUTORELEASING = YES;
				CLANG_WARN_BOOL_CONVERSION = YES;
				CLANG_WARN_COMMA = YES;
				CLANG_WARN_CONSTANT_CONVERSION = YES;
				CLANG_WARN_DEPRECATED_OBJC_IMPLEMENTATIONS = YES;
				CLANG_WARN_DIRECT_OBJC_ISA_USAGE = YES_ERROR;
				CLANG_WARN_DOCUMENTATION_COMMENTS = YES;
				CLANG_WARN_EMPTY_BODY = YES;
				CLANG_WARN_ENUM_CONVERSION = YES;
				CLANG_WARN_INFINITE_RECURSION = YES;
				CLANG_WARN_INT_CONVERSION = YES;
				CLANG_WARN_NON_LITERAL_NULL_CONVERSION = YES;
				CLANG_WARN_OBJC_IMPLICIT_RETAIN_SELF = YES;
				CLANG_WARN_OBJC_LITERAL_CONVERSION = YES;
				CLANG_WARN_OBJC_ROOT_CLASS = YES_ERROR;
				CLANG_WARN_QUOTED_INCLUDE_IN_FRAMEWORK_HEADER = YES;
				CLANG_WARN_RANGE_LOOP_ANALYSIS = YES;
				CLANG_WARN_STRICT_PROTOTYPES = YES;
				CLANG_WARN_SUSPICIOUS_MOVE = YES;
				CLANG_WARN_UNGUARDED_AVAILABILITY = YES_AGGRESSIVE;
				CLANG_WARN_UNREACHABLE_CODE = YES;
				CLANG_WARN__DUPLICATE_METHOD_MATCH = YES;
				COPY_PHASE_STRIP = NO;
				DEBUG_INFORMATION_FORMAT = "dwarf-with-dsym";
				ENABLE_NS_ASSERTIONS = NO;
				ENABLE_STRICT_OBJC_MSGSEND = YES;
				GCC_C_LANGUAGE_STANDARD = gnu11;
				GCC_NO_COMMON_BLOCKS = YES;
				GCC_WARN_64_TO_32_BIT_CONVERSION = YES;
				GCC_WARN_ABOUT_RETURN_TYPE = YES_ERROR;
				GCC_WARN_UNDECLARED_SELECTOR = YES;
				GCC_WARN_UNINITIALIZED_AUTOS = YES_AGGRESSIVE;
				GCC_WARN_UNUSED_FUNCTION = YES;
				GCC_WARN_UNUSED_VARIABLE = YES;
				IPHONEOS_DEPLOYMENT_TARGET = 16.0;
				MTL_ENABLE_DEBUG_INFO = NO;
				MTL_FAST_MATH = YES;
				SDKROOT = iphoneos;
				SWIFT_COMPILATION_MODE = wholemodule;
				SWIFT_OPTIMIZATION_LEVEL = "-O";
				VALIDATE_PRODUCT = YES;
			};
			name = Release;
		};
		CB8E64342B5FBC360093A92F /* Debug */ = {
			isa = XCBuildConfiguration;
			buildSettings = {
				ASSETCATALOG_COMPILER_APPICON_NAME = AppIcon;
				ASSETCATALOG_COMPILER_GLOBAL_ACCENT_COLOR_NAME = AccentColor;
				CODE_SIGN_STYLE = Automatic;
				CURRENT_PROJECT_VERSION = 1;
				DEVELOPMENT_ASSET_PATHS = "\"bullseyebuild2/Preview Content\"";
				DEVELOPMENT_TEAM = UGK9PQ8D35;
				ENABLE_PREVIEWS = YES;
				GENERATE_INFOPLIST_FILE = YES;
				INFOPLIST_KEY_CFBundleDisplayName = Bullseye;
				INFOPLIST_KEY_LSApplicationCategoryType = "public.app-category.games";
				INFOPLIST_KEY_UIApplicationSceneManifest_Generation = YES;
				INFOPLIST_KEY_UIApplicationSupportsIndirectInputEvents = YES;
				INFOPLIST_KEY_UILaunchScreen_Generation = YES;
				INFOPLIST_KEY_UISupportedInterfaceOrientations_iPad = "UIInterfaceOrientationPortrait UIInterfaceOrientationPortraitUpsideDown UIInterfaceOrientationLandscapeLeft UIInterfaceOrientationLandscapeRight";
				INFOPLIST_KEY_UISupportedInterfaceOrientations_iPhone = "UIInterfaceOrientationPortrait UIInterfaceOrientationLandscapeLeft UIInterfaceOrientationLandscapeRight";
				LD_RUNPATH_SEARCH_PATHS = (
					"$(inherited)",
					"@executable_path/Frameworks",
				);
				MARKETING_VERSION = 1.0;
				PRODUCT_BUNDLE_IDENTIFIER = com.bretco.bullseyebuild2;
				PRODUCT_NAME = bullseyebuild2;
				SWIFT_EMIT_LOC_STRINGS = YES;
				SWIFT_VERSION = 5.0;
				TARGETED_DEVICE_FAMILY = "1,2";
			};
			name = Debug;
		};
		CB8E64352B5FBC360093A92F /* Release */ = {
			isa = XCBuildConfiguration;
			buildSettings = {
				ASSETCATALOG_COMPILER_APPICON_NAME = AppIcon;
				ASSETCATALOG_COMPILER_GLOBAL_ACCENT_COLOR_NAME = AccentColor;
				CODE_SIGN_STYLE = Automatic;
				CURRENT_PROJECT_VERSION = 1;
				DEVELOPMENT_ASSET_PATHS = "\"bullseyebuild2/Preview Content\"";
				DEVELOPMENT_TEAM = UGK9PQ8D35;
				ENABLE_PREVIEWS = YES;
				GENERATE_INFOPLIST_FILE = YES;
				INFOPLIST_KEY_CFBundleDisplayName = Bullseye;
				INFOPLIST_KEY_LSApplicationCategoryType = "public.app-category.games";
				INFOPLIST_KEY_UIApplicationSceneManifest_Generation = YES;
				INFOPLIST_KEY_UIApplicationSupportsIndirectInputEvents = YES;
				INFOPLIST_KEY_UILaunchScreen_Generation = YES;
				INFOPLIST_KEY_UISupportedInterfaceOrientations_iPad = "UIInterfaceOrientationPortrait UIInterfaceOrientationPortraitUpsideDown UIInterfaceOrientationLandscapeLeft UIInterfaceOrientationLandscapeRight";
				INFOPLIST_KEY_UISupportedInterfaceOrientations_iPhone = "UIInterfaceOrientationPortrait UIInterfaceOrientationLandscapeLeft UIInterfaceOrientationLandscapeRight";
				LD_RUNPATH_SEARCH_PATHS = (
					"$(inherited)",
					"@executable_path/Frameworks",
				);
				MARKETING_VERSION = 1.0;
				PRODUCT_BUNDLE_IDENTIFIER = com.bretco.bullseyebuild2;
				PRODUCT_NAME = bullseyebuild2;
				SWIFT_EMIT_LOC_STRINGS = YES;
				SWIFT_VERSION = 5.0;
				TARGETED_DEVICE_FAMILY = "1,2";
			};
			name = Release;
		};
/* End XCBuildConfiguration section */

/* Begin XCConfigurationList section */
		CB698A132B6DC04B003560CD /* Build configuration list for PBXNativeTarget "bullseyebuild2Tests" */ = {
			isa = XCConfigurationList;
			buildConfigurations = (
				CB698A142B6DC04B003560CD /* Debug */,
				CB698A152B6DC04B003560CD /* Release */,
			);
			defaultConfigurationIsVisible = 0;
			defaultConfigurationName = Release;
		};
		CB8E64202B5FBC350093A92F /* Build configuration list for PBXProject "bullseyebuild2" */ = {
			isa = XCConfigurationList;
			buildConfigurations = (
				CB8E64312B5FBC360093A92F /* Debug */,
				CB8E64322B5FBC360093A92F /* Release */,
			);
			defaultConfigurationIsVisible = 0;
			defaultConfigurationName = Release;
		};
		CB8E64332B5FBC360093A92F /* Build configuration list for PBXNativeTarget "bullseyebuild2" */ = {
			isa = XCConfigurationList;
			buildConfigurations = (
				CB8E64342B5FBC360093A92F /* Debug */,
				CB8E64352B5FBC360093A92F /* Release */,
			);
			defaultConfigurationIsVisible = 0;
			defaultConfigurationName = Release;
		};
/* End XCConfigurationList section */
	};
	rootObject = CB8E641D2B5FBC350093A92F /* Project object */;
}
